github.com/ipipdotnet/ipdb-go v1.3.3 h1:GLSAW9ypLUd6EF9QNK2Uhxew9Jzs4XMJ9gOZEFnJm7U=
github.com/ipipdotnet/ipdb-go v1.3.3/go.mod h1:yZ+8puwe3R37a/3qRftXo40nZVQbxYDLqls9o5foexs=
golang.org/x/text v0.23.0 h1:D71I7dUrlY+VX0gQShAThNGHFxZ13dGLBHQLVl1mJlY=
golang.org/x/text v0.23.0/go.mod h1:/BLNzu4aZCJ1+kcD0DNRotWKage4q2rGVAg4o22unh4=
