github.com/ipipdotnet/ipdb-go v1.3.3 h1:GLSAW9ypLUd6EF9QNK2Uhxew9Jzs4XMJ9gOZEFnJm7U=
github.com/ipipdotnet/ipdb-go v1.3.3/go.mod h1:yZ+8puwe3R37a/3qRftXo40nZVQbxYDLqls9o5foexs=
golang.org/x/text v0.35.0 h1:JOVx6vVDFokkpaq1AEptVzLTpDe9KGpj5tR4/X+ybL8=
golang.org/x/text v0.35.0/go.mod h1:khi/HExzZJ2pGnjenulevKNX1W67CUy0AsXcNubPGCA=
